version = 1
revision = 3
requires-python = "==3.13.*"

[[package]]
name = "book-forge-publication"
version = "1.0.0"
source = { virtual = "." }
dependencies = [
    { name = "weasyprint" },
]

[package.metadata]
requires-dist = [{ name = "weasyprint", specifier = "==69.0" }]

[[package]]
name = "brotli"
version = "1.2.0"
source = { registry = "https://pypi.org/simple" }
sdist = { url = "https://files.pythonhosted.org/packages/f7/16/c92ca344d646e71a43b8bb353f0a6490d7f6e06210f8554c8f874e454285/brotli-1.2.0.tar.gz", hash = "sha256:e310f77e41941c13340a95976fe66a8a95b01e783d430eeaf7a2f87e0a57dd0a", size = 7388632, upload-time = "2025-11-05T18:39:42.86Z" }
wheels = [
    { url = "https://files.pythonhosted.org/packages/6c/d4/4ad5432ac98c73096159d9ce7ffeb82d151c2ac84adcc6168e476bb54674/brotli-1.2.0-cp313-cp313-macosx_10_13_universal2.whl", hash = "sha256:9e5825ba2c9998375530504578fd4d5d1059d09621a02065d1b6bfc41a8e05ab", size = 861523, upload-time = "2025-11-05T18:38:34.67Z" },
    { url = "https://files.pythonhosted.org/packages/91/9f/9cc5bd03ee68a85dc4bc89114f7067c056a3c14b3d95f171918c088bf88d/brotli-1.2.0-cp313-cp313-macosx_10_13_x86_64.whl", hash = "sha256:0cf8c3b8ba93d496b2fae778039e2f5ecc7cff99df84df337ca31d8f2252896c", size = 444289, upload-time = "2025-11-05T18:38:35.6Z" },
    { url = "https://files.pythonhosted.org/packages/2e/b6/fe84227c56a865d16a6614e2c4722864b380cb14b13f3e6bef441e73a85a/brotli-1.2.0-cp313-cp313-manylinux2014_aarch64.manylinux_2_17_aarch64.manylinux_2_28_aarch64.whl", hash = "sha256:c8565e3cdc1808b1a34714b553b262c5de5fbda202285782173ec137fd13709f", size = 1528076, upload-time = "2025-11-05T18:38:36.639Z" },
    { url = "https://files.pythonhosted.org/packages/55/de/de4ae0aaca06c790371cf6e7ee93a024f6b4bb0568727da8c3de112e726c/brotli-1.2.0-cp313-cp313-manylinux2014_ppc64le.manylinux_2_17_ppc64le.manylinux_2_28_ppc64le.whl", hash = "sha256:26e8d3ecb0ee458a9804f47f21b74845cc823fd1bb19f02272be70774f56e2a6", size = 1626880, upload-time = "2025-11-05T18:38:37.623Z" },
    { url = "https://files.pythonhosted.org/packages/5f/16/a1b22cbea436642e071adcaf8d4b350a2ad02f5e0ad0da879a1be16188a0/brotli-1.2.0-cp313-cp313-manylinux2014_x86_64.manylinux_2_17_x86_64.whl", hash = "sha256:67a91c5187e1eec76a61625c77a6c8c785650f5b576ca732bd33ef58b0dff49c", size = 1419737, upload-time = "2025-11-05T18:38:38.729Z" },
    { url = "https://files.pythonhosted.org/packages/46/63/c968a97cbb3bdbf7f974ef5a6ab467a2879b82afbc5ffb65b8acbb744f95/brotli-1.2.0-cp313-cp313-musllinux_1_2_aarch64.whl", hash = "sha256:4ecdb3b6dc36e6d6e14d3a1bdc6c1057c8cbf80db04031d566eb6080ce283a48", size = 1484440, upload-time = "2025-11-05T18:38:39.916Z" },
    { url = "https://files.pythonhosted.org/packages/06/9d/102c67ea5c9fc171f423e8399e585dabea29b5bc79b05572891e70013cdd/brotli-1.2.0-cp313-cp313-musllinux_1_2_ppc64le.whl", hash = "sha256:3e1b35d56856f3ed326b140d3c6d9db91740f22e14b06e840fe4bb1923439a18", size = 1593313, upload-time = "2025-11-05T18:38:41.24Z" },
    { url = "https://files.pythonhosted.org/packages/9e/4a/9526d14fa6b87bc827ba1755a8440e214ff90de03095cacd78a64abe2b7d/brotli-1.2.0-cp313-cp313-musllinux_1_2_x86_64.whl", hash = "sha256:54a50a9dad16b32136b2241ddea9e4df159b41247b2ce6aac0b3276a66a8f1e5", size = 1487945, upload-time = "2025-11-05T18:38:42.277Z" },
    { url = "https://files.pythonhosted.org/packages/5b/e8/3fe1ffed70cbef83c5236166acaed7bb9c766509b157854c80e2f766b38c/brotli-1.2.0-cp313-cp313-win32.whl", hash = "sha256:1b1d6a4efedd53671c793be6dd760fcf2107da3a52331ad9ea429edf0902f27a", size = 334368, upload-time = "2025-11-05T18:38:43.345Z" },
    { url = "https://files.pythonhosted.org/packages/ff/91/e739587be970a113b37b821eae8097aac5a48e5f0eca438c22e4c7dd8648/brotli-1.2.0-cp313-cp313-win_amd64.whl", hash = "sha256:b63daa43d82f0cdabf98dee215b375b4058cce72871fd07934f179885aad16e8", size = 369116, upload-time = "2025-11-05T18:38:44.609Z" },
]

[[package]]
name = "brotlicffi"
version = "1.2.0.2"
source = { registry = "https://pypi.org/simple" }
dependencies = [
    { name = "cffi" },
]
sdist = { url = "https://files.pythonhosted.org/packages/71/97/7845739a36828ffe751a1c6b240692f552fd7ecf65026c51326c0a4aa369/brotlicffi-1.2.0.2.tar.gz", hash = "sha256:5e0fbd13644cf1f6015e75fa5e0ad8fdce1048d9c9ff90b0ce826174b249ee35", size = 478755, upload-time = "2026-08-21T17:29:18.415Z" }
wheels = [
    { url = "https://files.pythonhosted.org/packages/2e/71/c27f24b8334f65f2492601c7764338f156cb904d2ffe0061e6004a76d9cc/brotlicffi-1.2.0.2-cp39-abi3-macosx_11_0_arm64.whl", hash = "sha256:d5a8ffa154f16660ab818d78045b55fa6f9970f1ca4c38998766e99c672071cb", size = 438885, upload-time = "2026-08-21T17:29:04.113Z" },
    { url = "https://files.pythonhosted.org/packages/ef/22/d8fd1a4d09b7ab563b89380395e09151d2ef1344be31594df6a6987d4028/brotlicffi-1.2.0.2-cp39-abi3-manylinux2014_aarch64.manylinux_2_17_aarch64.manylinux_2_28_aarch64.whl", hash = "sha256:ec6b1af7b7a8ce788354f2c603651ada0fba166ec31ab879e2eec462a3e6dbf4", size = 1534365, upload-time = "2026-08-21T17:29:05.878Z" },
    { url = "https://files.pythonhosted.org/packages/06/78/076419ed6c2c6aa3eaac6fd6b076502b4be89d50625fcdc513cd4aeca718/brotlicffi-1.2.0.2-cp39-abi3-manylinux2014_x86_64.manylinux_2_17_x86_64.manylinux_2_28_x86_64.whl", hash = "sha256:22916101de0e7ff535f2edf54b52a85591853b8ae9a98737643defdd3c063a3a", size = 1536851, upload-time = "2026-08-21T17:29:07.599Z" },
    { url = "https://files.pythonhosted.org/packages/35/dd/31ae9945cbd605339fb51c9a609f7dbb182cd361adeabc1d470142357206/brotlicffi-1.2.0.2-cp39-abi3-win32.whl", hash = "sha256:df1d34c4ad9adbf7f63a6b42f7d0e4dfd259c88141b85145b57abecc1abc3b24", size = 342379, upload-time = "2026-08-21T17:29:09.05Z" },
    { url = "https://files.pythonhosted.org/packages/95/ae/afd54e744df93b51cc29f6a19beccf9998b25743d7177697390de10479d1/brotlicffi-1.2.0.2-cp39-abi3-win_amd64.whl", hash = "sha256:489ca4da3ee65926d72bf01584b61088a9da6bdd1bb01b2040901e1beaffa8f0", size = 379761, upload-time = "2026-08-21T17:29:10.687Z" },
]

[[package]]
name = "cffi"
version = "2.1.1"
source = { registry = "https://pypi.org/simple" }
dependencies = [
    { name = "pycparser", marker = "implementation_name != 'PyPy'" },
]
sdist = { url = "https://files.pythonhosted.org/packages/9e/ef/008a1939e372c06329a3fce4279c02f328488f3526744906eeec3da7ad5f/cffi-2.1.1.tar.gz", hash = "sha256:dd31f52ea1086513bb9df30f8fcee9b8918323ae067a3d5b78bc826a000712be", size = 530807, upload-time = "2026-08-03T21:21:18.939Z" }
wheels = [
    { url = "https://files.pythonhosted.org/packages/9d/f4/035513d4117049066b4779dc3b7c0c0fdad175fa13731c9f4003f1cd1478/cffi-2.1.1-cp313-cp313-ios_13_0_arm64_iphoneos.whl", hash = "sha256:b5bdfd1c873d4e093aabc0ca84c4ca6dbc4f752afb5c86f146d9742580c9da2e", size = 194248, upload-time = "2026-08-03T21:19:59.399Z" },
    { url = "https://files.pythonhosted.org/packages/76/af/2aeb4dbb5fc41a04161ae9ff1518de7cec08e164f44a8ce6a4cf7fd2cd1d/cffi-2.1.1-cp313-cp313-ios_13_0_arm64_iphonesimulator.whl", hash = "sha256:31348097ff5bbe827ccc41795d4dd099d9f0625e7def00ee653c137a490c2a6c", size = 196908, upload-time = "2026-08-03T21:20:00.746Z" },
    { url = "https://files.pythonhosted.org/packages/a7/46/2e5fdde8555706dd98139a910ca11be02809f3f605ce956f655d0214e100/cffi-2.1.1-cp313-cp313-macosx_10_15_x86_64.whl", hash = "sha256:9d2055050ea716bd38b7f7f1579c275386646b4894c155a3e2f3cd62ed41b7c6", size = 184805, upload-time = "2026-08-03T21:20:02.02Z" },
    { url = "https://files.pythonhosted.org/packages/55/41/4c7042f317b9217502988f0873af87e16ad606dc20f84e546e3e6ce9764c/cffi-2.1.1-cp313-cp313-macosx_11_0_arm64.whl", hash = "sha256:19ee6127ee34de7d83ce3d371ebc5ed91addbdcc39f9ab15ce4eb35a4e534971", size = 184764, upload-time = "2026-08-03T21:20:03.141Z" },
    { url = "https://files.pythonhosted.org/packages/43/1f/1c3d90d91811c8f86ced9ed637956c54bfe5b79ca98fe976d7f8c8979f6b/cffi-2.1.1-cp313-cp313-manylinux1_i686.manylinux2014_i686.manylinux_2_17_i686.manylinux_2_5_i686.whl", hash = "sha256:6a8dddef476fab96d066d578fc88526767b836ab5ab21754e1d5bf3879c31c7c", size = 214722, upload-time = "2026-08-03T21:20:04.377Z" },
    { url = "https://files.pythonhosted.org/packages/37/6f/3b5ce4c3b2192d250f04908f2bfd91ef34552ec8f7716a5d4abdb8d67bb2/cffi-2.1.1-cp313-cp313-manylinux2014_aarch64.manylinux_2_17_aarch64.whl", hash = "sha256:f16c709686a78c727bbbf059f92b0bf41c6fc60deec706d2dc19f529175a6125", size = 222369, upload-time = "2026-08-03T21:20:05.544Z" },
    { url = "https://files.pythonhosted.org/packages/02/10/4b3c75dde3d9663c9e02ba05c2668b954f671d4bbe346413ca8c696b295a/cffi-2.1.1-cp313-cp313-manylinux2014_ppc64le.manylinux_2_17_ppc64le.whl", hash = "sha256:fcd22650c908d7b7da162bbfaab594a1227a15d1643a98c68b122ac642fa2264", size = 210175, upload-time = "2026-08-03T21:20:06.75Z" },
    { url = "https://files.pythonhosted.org/packages/df/62/14f74b9543e605d17701dc797b815958b8bb70b7624ce1b832ddad48ed6c/cffi-2.1.1-cp313-cp313-manylinux2014_s390x.manylinux_2_17_s390x.whl", hash = "sha256:aa9511c62d14da7aacc9b4bf51f3f697a621e83b2d6919008243c3aad168eea3", size = 208670, upload-time = "2026-08-03T21:20:08.04Z" },
    { url = "https://files.pythonhosted.org/packages/95/95/86342356ff5953b3fb06f7ef7c5bee212d45e770abc7218d451b9148313c/cffi-2.1.1-cp313-cp313-manylinux2014_x86_64.manylinux_2_17_x86_64.whl", hash = "sha256:a931079504ecc49efed7744c476a5c343a92fabf66dec2db95edb1b2fdc770e2", size = 221824, upload-time = "2026-08-03T21:20:09.274Z" },
    { url = "https://files.pythonhosted.org/packages/eb/ff/7b3429ff53aafe931ed8a5fc69f481bbef7ba6de87ddcbb63d08f483f613/cffi-2.1.1-cp313-cp313-musllinux_1_2_aarch64.whl", hash = "sha256:a2d7755bef5a12ed488f4ef1f1b69ee9191d7396083b755a5d2295f6edb4768b", size = 225148, upload-time = "2026-08-03T21:20:10.7Z" },
    { url = "https://files.pythonhosted.org/packages/34/34/a95870b9221e09cf4f2ce3178b1a210abdfe63a1bd357da940418d7b8d15/cffi-2.1.1-cp313-cp313-musllinux_1_2_x86_64.whl", hash = "sha256:e0bcb7e0f677f543555d2adff3bf19c05f66cdb4796e5ff602442ab2fe3c4ef7", size = 223564, upload-time = "2026-08-03T21:20:12.165Z" },
    { url = "https://files.pythonhosted.org/packages/70/ea/839b50531021a647fb5e929f72cf97bc1ff702b5472166164b5b6e76b851/cffi-2.1.1-cp313-cp313-win32.whl", hash = "sha256:334644fbac4eff73d985a17a91226df55d0f394160c4cfb880e084c8f7161cac", size = 175263, upload-time = "2026-08-03T21:20:13.559Z" },
    { url = "https://files.pythonhosted.org/packages/60/a6/8b149b2c3f2e11aaa1618ef64500b45f50f22c57a977a4dff1aff1f91042/cffi-2.1.1-cp313-cp313-win_amd64.whl", hash = "sha256:1aa5645c30469b09530c4ebca77ebf8f17618293c58f8549cb1a543a50236e7d", size = 185688, upload-time = "2026-08-03T21:20:14.69Z" },
    { url = "https://files.pythonhosted.org/packages/01/9a/11f687cb39d6a3504060d5242f04f48c735afb4d3d533958a20594890cb2/cffi-2.1.1-cp313-cp313-win_arm64.whl", hash = "sha256:63bbfd5ded17c4840ac07cd8f1c21ba9d9708141f840b324f422f41b207e3973", size = 180078, upload-time = "2026-08-03T21:20:15.917Z" },
]

[[package]]
name = "cssselect2"
version = "0.9.0"
source = { registry = "https://pypi.org/simple" }
dependencies = [
    { name = "tinycss2" },
    { name = "webencodings" },
]
sdist = { url = "https://files.pythonhosted.org/packages/e0/20/92eaa6b0aec7189fa4b75c890640e076e9e793095721db69c5c81142c2e1/cssselect2-0.9.0.tar.gz", hash = "sha256:759aa22c216326356f65e62e791d66160a0f9c91d1424e8d8adc5e74dddfc6fb", size = 35595, upload-time = "2026-02-12T17:16:39.614Z" }
wheels = [
    { url = "https://files.pythonhosted.org/packages/21/0e/8459ca4413e1a21a06c97d134bfaf18adfd27cea068813dc0faae06cbf00/cssselect2-0.9.0-py3-none-any.whl", hash = "sha256:6a99e5f91f9a016a304dd929b0966ca464bcfda15177b6fb4a118fc0fb5d9563", size = 15453, upload-time = "2026-02-12T17:16:38.317Z" },
]

[[package]]
name = "fonttools"
version = "4.63.0"
source = { registry = "https://pypi.org/simple" }
sdist = { url = "https://files.pythonhosted.org/packages/84/69/c97f2c18e0db87d2c7b15da1974dace76ae938f1cfa22e2727a648b7ed43/fonttools-4.63.0.tar.gz", hash = "sha256:caeb583deeb5168e694b65cda8b4ee62abedfa66cf88488734466f2366b9c4e0", size = 3597189, upload-time = "2026-05-14T12:04:30.958Z" }
wheels = [
    { url = "https://files.pythonhosted.org/packages/0f/8d/d8fec3dcde2963f8c908fb315e5ff2cd0ac34f82394bbbf73a2aa5145ce3/fonttools-4.63.0-cp313-cp313-macosx_10_13_universal2.whl", hash = "sha256:cd7e9857e5e63738b9d9fd707bc1f59c8b09e5177726d23664db393c59bb08bd", size = 2876062, upload-time = "2026-05-14T12:03:32.554Z" },
    { url = "https://files.pythonhosted.org/packages/ef/71/d935dc54e4ff121bfdd11e08702db63a7e6f25af21d8a3d7b7212df53641/fonttools-4.63.0-cp313-cp313-macosx_10_13_x86_64.whl", hash = "sha256:c2a2a42198b696a6f48fad91709afb55176e66a5e566131219dba372fb7f8c59", size = 2424594, upload-time = "2026-05-14T12:03:34.86Z" },
    { url = "https://files.pythonhosted.org/packages/8e/40/e76320afa1df918e146155ef239b1719ee266092e96f5423bfd075affba1/fonttools-4.63.0-cp313-cp313-manylinux2014_aarch64.manylinux_2_17_aarch64.manylinux_2_28_aarch64.whl", hash = "sha256:1e874792a8212b44583ea02189d9e693906b2f78b261f372f95d6c563210ac1d", size = 5024840, upload-time = "2026-05-14T12:03:36.745Z" },
    { url = "https://files.pythonhosted.org/packages/ce/36/0b805d8c485f872f65a509cbe3b58a5d0d17bee855333b54a150c79d3061/fonttools-4.63.0-cp313-cp313-manylinux2014_x86_64.manylinux_2_17_x86_64.whl", hash = "sha256:22135da48a348785c5e2d5d2d9d6bec5ed44adacbaeb9db12d9493bf6c6bfa68", size = 4975801, upload-time = "2026-05-14T12:03:38.833Z" },
    { url = "https://files.pythonhosted.org/packages/c8/26/2cee03d0aa083ab022da5c07aff9ed3f689da1defb81ad6917c9627896da/fonttools-4.63.0-cp313-cp313-musllinux_1_2_aarch64.whl", hash = "sha256:ccf41f2efdf56994d22d73bef4ced1052161958169428d06ba9724ea9e9a64be", size = 4965009, upload-time = "2026-05-14T12:03:41.494Z" },
    { url = "https://files.pythonhosted.org/packages/7e/48/cc4b66d9058c0d0982c833fad10127c4b0e9324606aafa41382295ca4102/fonttools-4.63.0-cp313-cp313-musllinux_1_2_x86_64.whl", hash = "sha256:9ced0bd02ac751dd6319b0da88aaef24414e3b0dbc32bb4f24944821a3741a27", size = 5105892, upload-time = "2026-05-14T12:03:43.525Z" },
    { url = "https://files.pythonhosted.org/packages/d8/1f/a98a30a814b9ddef3a2e706025f90b9e0bc94890e6cb15254bc86547d11a/fonttools-4.63.0-cp313-cp313-win32.whl", hash = "sha256:85be818f5506e8a7753153def2c9550178f0ecae6a47b5e0e8dbb23f7cc90380", size = 2291313, upload-time = "2026-05-14T12:03:45.594Z" },
    { url = "https://files.pythonhosted.org/packages/92/46/5177b01f3b4abfdd4409f31cca4ab279c9343a26efbe9ec78c97fc612e02/fonttools-4.63.0-cp313-cp313-win_amd64.whl", hash = "sha256:ba04cb5891d4c0c21b6da95eda8d7b090021508a294fff33464fc7d241e0856b", size = 2342299, upload-time = "2026-05-14T12:03:47.414Z" },
    { url = "https://files.pythonhosted.org/packages/2c/47/c99d5268f354002ce80f8d029cd9d7d872969da1de8b93d32de4dc56d6f4/fonttools-4.63.0-py3-none-any.whl", hash = "sha256:445af2eab030a16b9171ea8bdda7ebf7d96bda2df88ee182a464252f6e05e20d", size = 1164562, upload-time = "2026-05-14T12:04:29.092Z" },
]

[package.optional-dependencies]
woff = [
    { name = "brotli", marker = "platform_python_implementation == 'CPython'" },
    { name = "brotlicffi", marker = "platform_python_implementation != 'CPython'" },
    { name = "zopfli" },
]

[[package]]
name = "pillow"
version = "12.3.0"
source = { registry = "https://pypi.org/simple" }
sdist = { url = "https://files.pythonhosted.org/packages/1c/3d/bb7fca845737cf9d7dbde16ed1843984665ff2e0a518f5db43e77ec540b9/pillow-12.3.0.tar.gz", hash = "sha256:3b8182a766685eaa002637e28b4ec8d6b18819a0c71f579bf0dbaa5830297cce", size = 47025035, upload-time = "2026-07-01T11:56:38.965Z" }
wheels = [
    { url = "https://files.pythonhosted.org/packages/9d/ac/31fb64e1e7efb5a4b50cd3d92049ba89ac6e4d8d3bb6a74e15048ca3353e/pillow-12.3.0-cp313-cp313-ios_13_0_arm64_iphoneos.whl", hash = "sha256:21900ce7ba264168cd50defae43cd75d25c833ad4ad6e73ffc5596d12e25ac89", size = 4161684, upload-time = "2026-07-01T11:54:25.934Z" },
    { url = "https://files.pythonhosted.org/packages/87/b4/9805e23d2b4d77842b468513841fda254ee42f0289d25088340e4ff46e2d/pillow-12.3.0-cp313-cp313-ios_13_0_arm64_iphonesimulator.whl", hash = "sha256:4e8c2a84d977f50b9daed6eeaf3baef67d00d5d74d932288f02cb94518ee3ace", size = 4255487, upload-time = "2026-07-01T11:54:27.935Z" },
    { url = "https://files.pythonhosted.org/packages/df/39/ecf519435a200c693fe053a6ee4d835b41cf963a4dfc2551c4e637cb2a71/pillow-12.3.0-cp313-cp313-ios_13_0_x86_64_iphonesimulator.whl", hash = "sha256:ae26d61dfa7a47befdc7572b521024e8745f3d809bd95ca9505a7bba9ef849ec", size = 3696433, upload-time = "2026-07-01T11:54:29.813Z" },
    { url = "https://files.pythonhosted.org/packages/42/92/2fc3ffad878ae8dd5469ec1bc8eb83b71f48e13efdf68f02709003982a32/pillow-12.3.0-cp313-cp313-macosx_10_13_x86_64.whl", hash = "sha256:7a743ff716f746fc19a9557f60dab1600d4613255f8a7aeb3cdde4db7eb15a66", size = 5345889, upload-time = "2026-07-01T11:54:31.97Z" },
    { url = "https://files.pythonhosted.org/packages/10/76/8803c13605b763d33d156c4678fc77f8443389c0c51c8aef707bb02015f4/pillow-12.3.0-cp313-cp313-macosx_11_0_arm64.whl", hash = "sha256:d69141514cc30b774ceea5e3ed3a6635c8d8a96edf664689b890f4089111fb35", size = 4780109, upload-time = "2026-07-01T11:54:34.026Z" },
    { url = "https://files.pythonhosted.org/packages/1f/01/e18aff37cb0b4aac47ac90f016d347a49aca667ef97f190b06ac2aabc928/pillow-12.3.0-cp313-cp313-manylinux_2_27_aarch64.manylinux_2_28_aarch64.whl", hash = "sha256:f7401aebd7f581d7f83a439d87d474999317ee099218e5ad25d125290990ba65", size = 6263736, upload-time = "2026-07-01T11:54:36.131Z" },
    { url = "https://files.pythonhosted.org/packages/f7/62/de5bdd77d935331f4f802edc11e4d82950f642caad6cb2f949837b8560e2/pillow-12.3.0-cp313-cp313-manylinux_2_27_x86_64.manylinux_2_28_x86_64.whl", hash = "sha256:0847a763afefb695bc912d7c131e7e0632d4edc1d8698f58ddabec8e46b8b6d3", size = 6937129, upload-time = "2026-07-01T11:54:38.216Z" },
    { url = "https://files.pythonhosted.org/packages/70/4d/105627a13300c5e0df1d174230b32fd1273062c96f7745fd552b945d1e1d/pillow-12.3.0-cp313-cp313-musllinux_1_2_aarch64.whl", hash = "sha256:571b9fcb07b97ef3a492028fb3d2dc0993ca23a06138b0315286566d29ef718a", size = 6339562, upload-time = "2026-07-01T11:54:40.354Z" },
    { url = "https://files.pythonhosted.org/packages/6b/1d/f13de01a553988ab895ba1c722e06cf3144d4f57656fd5b81b6d881f1179/pillow-12.3.0-cp313-cp313-musllinux_1_2_x86_64.whl", hash = "sha256:756c768d0c9c2955feb7a56c37ea24aea2e369f8d36a88da270b6a9f19e62b5e", size = 7049439, upload-time = "2026-07-01T11:54:42.489Z" },
    { url = "https://files.pythonhosted.org/packages/c9/f9/066794cca041b969964f779ee5fa66a9498bbf34248ac39c5d7954e4198f/pillow-12.3.0-cp313-cp313-win32.whl", hash = "sha256:a876864214e136f0eb367788dbd7df045f4806801518e2cfe9e13229cfe06d8f", size = 6473287, upload-time = "2026-07-01T11:54:44.9Z" },
    { url = "https://files.pythonhosted.org/packages/a6/9b/7a58e61d62be561da3a356fe2384d4059a6345fc130e23ef1c36a5b81d24/pillow-12.3.0-cp313-cp313-win_amd64.whl", hash = "sha256:1cca606cd25738df4ed873d5ad46bbdb3d83b5cbca291f6b4ff13a4df6b0bbe8", size = 7239691, upload-time = "2026-07-01T11:54:47.141Z" },
    { url = "https://files.pythonhosted.org/packages/aa/b0/c4ed4f0ef8f8fa5ee8351537db6650bb8189f7e118842978dd6589065692/pillow-12.3.0-cp313-cp313-win_arm64.whl", hash = "sha256:b629de27fda84b42cde7edef0d85f13b958b47f6e9bbcbba9b673c562a89bd8b", size = 2568185, upload-time = "2026-07-01T11:54:49.137Z" },
]

[[package]]
name = "pycparser"
version = "3.0"
source = { registry = "https://pypi.org/simple" }
sdist = { url = "https://files.pythonhosted.org/packages/1b/7d/92392ff7815c21062bea51aa7b87d45576f649f16458d78b7cf94b9ab2e6/pycparser-3.0.tar.gz", hash = "sha256:600f49d217304a5902ac3c37e1281c9fe94e4d0489de643a9504c5cdfdfc6b29", size = 103492, upload-time = "2026-01-21T14:26:51.89Z" }
wheels = [
    { url = "https://files.pythonhosted.org/packages/0c/c3/44f3fbbfa403ea2a7c779186dc20772604442dde72947e7d01069cbe98e3/pycparser-3.0-py3-none-any.whl", hash = "sha256:b727414169a36b7d524c1c3e31839a521725078d7b2ff038656844266160a992", size = 48172, upload-time = "2026-01-21T14:26:50.693Z" },
]

[[package]]
name = "pydyf"
version = "0.12.1"
source = { registry = "https://pypi.org/simple" }
sdist = { url = "https://files.pythonhosted.org/packages/36/ee/fb410c5c854b6a081a49077912a9765aeffd8e07cbb0663cfda310b01fb4/pydyf-0.12.1.tar.gz", hash = "sha256:fbd7e759541ac725c29c506612003de393249b94310ea78ae44cb1d04b220095", size = 17716, upload-time = "2025-12-02T14:52:14.244Z" }
wheels = [
    { url = "https://files.pythonhosted.org/packages/22/11/47efe2f66ba848a107adfd490b508f5c0cedc82127950553dca44d29e6c4/pydyf-0.12.1-py3-none-any.whl", hash = "sha256:ea25b4e1fe7911195cb57067560daaa266639184e8335365cc3ee5214e7eaadc", size = 8028, upload-time = "2025-12-02T14:52:12.938Z" },
]

[[package]]
name = "pyphen"
version = "0.18.1"
source = { registry = "https://pypi.org/simple" }
sdist = { url = "https://files.pythonhosted.org/packages/94/47/8430452269cd28863d73b903d07d329d058cf762527ff211b3864ba61fc7/pyphen-0.18.1.tar.gz", hash = "sha256:dbae6fbbe4f01cb206108b43573d857c67107be9d0e38eb1b08d6fa2210634a7", size = 2116411, upload-time = "2026-08-14T11:30:12.083Z" }
wheels = [
    { url = "https://files.pythonhosted.org/packages/ec/1d/23801cf008f71575f0a4800463f349afa5f04b27fe783178a45cdc4d5edf/pyphen-0.18.1-py3-none-any.whl", hash = "sha256:0aa9051e15928cecadd4c632cea0258ba57215b2a197a39baa46abcdb0f47e84", size = 2116143, upload-time = "2026-08-14T11:30:10.428Z" },
]

[[package]]
name = "tinycss2"
version = "1.5.1"
source = { registry = "https://pypi.org/simple" }
dependencies = [
    { name = "webencodings" },
]
sdist = { url = "https://files.pythonhosted.org/packages/a3/ae/2ca4913e5c0f09781d75482874c3a95db9105462a92ddd303c7d285d3df2/tinycss2-1.5.1.tar.gz", hash = "sha256:d339d2b616ba90ccce58da8495a78f46e55d4d25f9fd71dfd526f07e7d53f957", size = 88195, upload-time = "2025-11-23T10:29:10.082Z" }
wheels = [
    { url = "https://files.pythonhosted.org/packages/60/45/c7b5c3168458db837e8ceab06dc77824e18202679d0463f0e8f002143a97/tinycss2-1.5.1-py3-none-any.whl", hash = "sha256:3415ba0f5839c062696996998176c4a3751d18b7edaaeeb658c9ce21ec150661", size = 28404, upload-time = "2025-11-23T10:29:08.676Z" },
]

[[package]]
name = "tinyhtml5"
version = "2.1.0"
source = { registry = "https://pypi.org/simple" }
dependencies = [
    { name = "webencodings" },
]
sdist = { url = "https://files.pythonhosted.org/packages/b1/1f/cfe2f6b30557c92b3f31d41707e09cef5c1efbd87392bc6c0430c46b0e4d/tinyhtml5-2.1.0.tar.gz", hash = "sha256:60a50ec3d938a37e491efa01af895853060943dcebb5627de5b10d188b338a67", size = 179242, upload-time = "2026-03-05T17:06:30.704Z" }
wheels = [
    { url = "https://files.pythonhosted.org/packages/52/48/01695a036b695f83fea7aef6955d735db0f517b1c8e25ddb399ac0bdbcbf/tinyhtml5-2.1.0-py3-none-any.whl", hash = "sha256:6e11cfff38515834268daf89d5f85bbde0b6dd02e8d9e212d1385c2289b89f0a", size = 39686, upload-time = "2026-03-05T17:06:28.498Z" },
]

[[package]]
name = "weasyprint"
version = "69.0"
source = { registry = "https://pypi.org/simple" }
dependencies = [
    { name = "cffi" },
    { name = "cssselect2" },
    { name = "fonttools", extra = ["woff"] },
    { name = "pillow" },
    { name = "pydyf" },
    { name = "pyphen" },
    { name = "tinycss2" },
    { name = "tinyhtml5" },
]
sdist = { url = "https://files.pythonhosted.org/packages/59/53/dcc3885c2f7a47faa45f6b8b801412f5f9e055173a52801ef01c09943c5a/weasyprint-69.0.tar.gz", hash = "sha256:a7a32f39ca16bd82ef11de99c92ea4b5f14951c9033af035e451ce4f4ee0a88c", size = 1549834, upload-time = "2026-06-02T14:42:17.765Z" }
wheels = [
    { url = "https://files.pythonhosted.org/packages/93/cb/208525c6bd5033d7b2589b55e07bec23d9c61bb00703cbaf20ef52c3811f/weasyprint-69.0-py3-none-any.whl", hash = "sha256:475951cfd917014de6d4d005caff48c6aa867e7e42b80cd5b16a0484a1609ee6", size = 322872, upload-time = "2026-06-02T14:42:15.871Z" },
]

[[package]]
name = "webencodings"
version = "0.6.1"
source = { registry = "https://pypi.org/simple" }
sdist = { url = "https://files.pythonhosted.org/packages/d5/a0/8fd707bcb776a7be556bad06a2ea5fb9bd519df78ef8e26f70ccf0f38bff/webencodings-0.6.1.tar.gz", hash = "sha256:565f9ad031c702dae404e27a099e3e09186a3ab1b9520f06d215502b651fd910", size = 15001, upload-time = "2026-08-15T14:22:57.549Z" }
wheels = [
    { url = "https://files.pythonhosted.org/packages/77/c6/040cbc72480d789a5f40d63fb484d3106554c4dfa2d2b70ad5022057750f/webencodings-0.6.1-py3-none-any.whl", hash = "sha256:7fab6269c8bf237c657876b52058ccb182e861518d1c695c1a9aaa8c1c105d5b", size = 8745, upload-time = "2026-08-15T14:22:56.31Z" },
]

[[package]]
name = "zopfli"
version = "0.4.3"
source = { registry = "https://pypi.org/simple" }
sdist = { url = "https://files.pythonhosted.org/packages/74/21/3b6af43a663b22b00e738bb0642931a2579e15da6852613d56c6aa535d28/zopfli-0.4.3.tar.gz", hash = "sha256:d3a50f91a13cea9bafe025de8fd87a005eb26de02a4f0c193127ddbf23ac8ebe", size = 179156, upload-time = "2026-06-10T09:10:19.96Z" }
wheels = [
    { url = "https://files.pythonhosted.org/packages/a5/5f/b7d81b670daf990e15a0f7551da96c3c0700f69ae6d96b0245d6a19f51f3/zopfli-0.4.3-cp310-abi3-macosx_10_9_universal2.whl", hash = "sha256:88f4fbe429aad72bc206275d81fab11a097e0f951a5848d1f51083c37ea73073", size = 291492, upload-time = "2026-06-10T09:10:06.621Z" },
    { url = "https://files.pythonhosted.org/packages/55/c8/d8d8d731e0b192024567b7198fb77b748821d355f3c8bf0109de27191f43/zopfli-0.4.3-cp310-abi3-manylinux2014_x86_64.manylinux_2_17_x86_64.whl", hash = "sha256:769875152d0625c46707bcca57d4b2233fe653482067acd55fbf6ec525cb9bdc", size = 829354, upload-time = "2026-06-10T09:10:07.909Z" },
    { url = "https://files.pythonhosted.org/packages/0e/2b/fbe8ba2ec40f5986b8983a4752f7a32672a80a10ea6e68213324a7055469/zopfli-0.4.3-cp310-abi3-manylinux_2_24_aarch64.manylinux_2_28_aarch64.whl", hash = "sha256:eb0c9c1d40a8cb1d58762d7e57290ccb753e0828c4d01be8acb59aae5d0ca206", size = 818436, upload-time = "2026-06-10T09:10:09.063Z" },
    { url = "https://files.pythonhosted.org/packages/de/d9/63568c54c8b68b9135f3456c5add83797a5528d596657f0e4f4910173b08/zopfli-0.4.3-cp310-abi3-musllinux_1_2_aarch64.whl", hash = "sha256:7fa3c35193475290e3f007bbcdebdbae64ba2f012d75c632da0d727e1da50d5e", size = 1778931, upload-time = "2026-06-10T09:10:10.282Z" },
    { url = "https://files.pythonhosted.org/packages/7a/05/8f3aac10a858e89c2146d3a1f6ce33634c3db757365b4148fef1b85784d2/zopfli-0.4.3-cp310-abi3-musllinux_1_2_x86_64.whl", hash = "sha256:47604eee5c6704bdf0e94d8391fe3b74ddb2abd84128fbcfdc3ee0fc265feaef", size = 1864132, upload-time = "2026-06-10T09:10:11.595Z" },
    { url = "https://files.pythonhosted.org/packages/8d/20/9ca59d14b91f9fbc631793b4b085b309777edadaca496aa518a180817827/zopfli-0.4.3-cp310-abi3-win32.whl", hash = "sha256:628c3e941752880b3491db8d44163d0aedb221944e22a17187ff7fc549b050f6", size = 271715, upload-time = "2026-06-10T09:10:12.7Z" },
    { url = "https://files.pythonhosted.org/packages/9d/3a/4ff4fdead77ef30f5832b38a47eb7a1283e98b3c678576b83f8fdfff53eb/zopfli-0.4.3-cp310-abi3-win_amd64.whl", hash = "sha256:921c2c9907f4364963848da5ad194b46d68865e07fdb975d04fd09bc42d47357", size = 288550, upload-time = "2026-06-10T09:10:13.639Z" },
    { url = "https://files.pythonhosted.org/packages/e6/44/6264f929057236fde72dd6d271f54612b4811ce37288e002f5d5339d696a/zopfli-0.4.3-cp310-abi3-win_arm64.whl", hash = "sha256:7e9703ca6e7ef66c8d05e0826b6f558b680c9db8206f84f05a3ee93430a12e42", size = 451343, upload-time = "2026-06-10T09:10:14.72Z" },
]
